
Microsoft Visual Studio Solution File, Format Version 12.00
# Visual Studio Version 16
VisualStudioVersion = 16.0.30621.155
MinimumVisualStudioVersion = 10.0.40219.1
Project("{FAE04EC0-301F-11D3-BF4B-00C04F79EFBC}") = "ProductReviewManagement", "ProductReviewManagement\ProductReviewManagement.csproj", "{493886FA-FD4F-4C7D-8E5D-C203D91BC47A}"
EndProject
Global
	GlobalSection(SolutionConfigurationPlatforms) = preSolution
		Debug|Any CPU = Debug|Any CPU
		Release|Any CPU = Release|Any CPU
	EndGlobalSection
	GlobalSection(ProjectConfigurationPlatforms) = postSolution
		{493886FA-FD4F-4C7D-8E5D-C203D91BC47A}.Debug|Any CPU.ActiveCfg = Debug|Any CPU
		{493886FA-FD4F-4C7D-8E5D-C203D91BC47A}.Debug|Any CPU.Build.0 = Debug|Any CPU
		{493886FA-FD4F-4C7D-8E5D-C203D91BC47A}.Release|Any CPU.ActiveCfg = Release|Any CPU
		{493886FA-FD4F-4C7D-8E5D-C203D91BC47A}.Release|Any CPU.Build.0 = Release|Any CPU
	EndGlobalSection
	GlobalSection(SolutionProperties) = preSolution
		HideSolutionNode = FALSE
	EndGlobalSection
	GlobalSection(ExtensibilityGlobals) = postSolution
		SolutionGuid = {9894D949-967A-40ED-AB56-51C23AF5FE00}
	EndGlobalSection
EndGlobal
